
Microsoft Visual Studio Solution File, Format Version 12.00
# Visual Studio Version 17
VisualStudioVersion = 17.4.33213.308
MinimumVisualStudioVersion = 10.0.40219.1
Project("{FAE04EC0-301F-11D3-BF4B-00C04F79EFBC}") = "PRN211PE_SP23_MaVanMeo", "PRN211PE_SP23_MaVanMeo\PRN211PE_SP23_MaVanMeo.csproj", "{6C92E18D-2895-4166-8095-1520B7CD7AA0}"
EndProject
Project("{FAE04EC0-301F-11D3-BF4B-00C04F79EFBC}") = "PRN211PE_SP23_MaVanMeo.Repository", "PRN211PE_SP23_MaVanMeo.Repository\PRN211PE_SP23_MaVanMeo.Repository.csproj", "{5D207D9D-5688-4CA3-B688-EEB70210EE70}"
EndProject
Global
	GlobalSection(SolutionConfigurationPlatforms) = preSolution
		Debug|Any CPU = Debug|Any CPU
		Release|Any CPU = Release|Any CPU
	EndGlobalSection
	GlobalSection(ProjectConfigurationPlatforms) = postSolution
		{6C92E18D-2895-4166-8095-1520B7CD7AA0}.Debug|Any CPU.ActiveCfg = Debug|Any CPU
		{6C92E18D-2895-4166-8095-1520B7CD7AA0}.Debug|Any CPU.Build.0 = Debug|Any CPU
		{6C92E18D-2895-4166-8095-1520B7CD7AA0}.Release|Any CPU.ActiveCfg = Release|Any CPU
		{6C92E18D-2895-4166-8095-1520B7CD7AA0}.Release|Any CPU.Build.0 = Release|Any CPU
		{5D207D9D-5688-4CA3-B688-EEB70210EE70}.Debug|Any CPU.ActiveCfg = Debug|Any CPU
		{5D207D9D-5688-4CA3-B688-EEB70210EE70}.Debug|Any CPU.Build.0 = Debug|Any CPU
		{5D207D9D-5688-4CA3-B688-EEB70210EE70}.Release|Any CPU.ActiveCfg = Release|Any CPU
		{5D207D9D-5688-4CA3-B688-EEB70210EE70}.Release|Any CPU.Build.0 = Release|Any CPU
	EndGlobalSection
	GlobalSection(SolutionProperties) = preSolution
		HideSolutionNode = FALSE
	EndGlobalSection
	GlobalSection(ExtensibilityGlobals) = postSolution
		SolutionGuid = {6455B92A-81AD-4ABF-8C09-796D02685261}
	EndGlobalSection
EndGlobal
